
Microsoft Visual Studio Solution File, Format Version 12.00
# Visual Studio 15
Project("{FAE04EC0-301F-11D3-BF4B-00C04F79EFBC}") = "Assembly-CSharp", "Assembly-CSharp.csproj", "{6B2B02E7-5E12-B6A5-3E3E-B3BCF9443240}"
EndProject
Project("{FAE04EC0-301F-11D3-BF4B-00C04F79EFBC}") = "Assembly-CSharp-firstpass", "Assembly-CSharp-firstpass.csproj", "{D3FEC692-1230-AD4C-0BBC-E8747C7A9FF8}"
EndProject
Global
	GlobalSection(SolutionConfigurationPlatforms) = preSolution
		Debug|Any CPU = Debug|Any CPU
		Release|Any CPU = Release|Any CPU
	EndGlobalSection
	GlobalSection(ProjectConfigurationPlatforms) = postSolution
		{6B2B02E7-5E12-B6A5-3E3E-B3BCF9443240}.Debug|Any CPU.ActiveCfg = Debug|Any CPU
		{6B2B02E7-5E12-B6A5-3E3E-B3BCF9443240}.Debug|Any CPU.Build.0 = Debug|Any CPU
		{6B2B02E7-5E12-B6A5-3E3E-B3BCF9443240}.Release|Any CPU.ActiveCfg = Release|Any CPU
		{6B2B02E7-5E12-B6A5-3E3E-B3BCF9443240}.Release|Any CPU.Build.0 = Release|Any CPU
		{D3FEC692-1230-AD4C-0BBC-E8747C7A9FF8}.Debug|Any CPU.ActiveCfg = Debug|Any CPU
		{D3FEC692-1230-AD4C-0BBC-E8747C7A9FF8}.Debug|Any CPU.Build.0 = Debug|Any CPU
		{D3FEC692-1230-AD4C-0BBC-E8747C7A9FF8}.Release|Any CPU.ActiveCfg = Release|Any CPU
		{D3FEC692-1230-AD4C-0BBC-E8747C7A9FF8}.Release|Any CPU.Build.0 = Release|Any CPU
	EndGlobalSection
	GlobalSection(SolutionProperties) = preSolution
		HideSolutionNode = FALSE
	EndGlobalSection
EndGlobal
